github.com/bep/galleriesdeluxe v0.0.0-20240115104851-622d8268efc3 h1:iwiIL8Hv2hg/eexdsYG/3j52IVWqibByTwGcPwWN8hk=
github.com/bep/galleriesdeluxe v0.0.0-20240115104851-622d8268efc3/go.mod h1:/6P5A6rbbR7UpGuMVW6wHhYzEwGttfqNjPoKkn9laCI=
github.com/bep/galleriesdeluxe v0.1.0 h1:EuCRmBO6j2vmGs1ufT5ujxwzF8gevsXOLO6lMzrLWK0=
github.com/bep/galleriesdeluxe v0.1.0/go.mod h1:V6SKa9qi2V37SZ1qvPPqKs0r7fWsIEbWSH0DEnBqdnw=
github.com/bep/gallerydeluxe v0.11.1 h1:Bls2hBDY7WJ01TKtbmQT0Cl/Nwy8S/r5yj5qBaP7elo=
github.com/bep/gallerydeluxe v0.11.1/go.mod h1:sUfRcjREo6DwxPo0sMp0TAxNZiGreOY6DY2dWGpSeR8=
github.com/bep/hugo-mod-misc/common-partials v0.0.0-20240821184252-efcaeed2cc3c h1:KVmUPRKHr7FopQfsCgDtOQPQpPkj9Ul7Hcp+mZk8cyg=
github.com/bep/hugo-mod-misc/common-partials v0.0.0-20240821184252-efcaeed2cc3c/go.mod h1:lw2586uqPfye9yTYgSyvZwU3dfpZcjDXmIOJeR4D6O0=
github.com/bep/hugo-mod-misc/common-partials v0.1.0 h1:SiGnrf9MW1aFczXpXPTDpsGr3SvimIaBXMpZucPxT+g=
github.com/bep/hugo-mod-misc/common-partials v0.1.0/go.mod h1:lw2586uqPfye9yTYgSyvZwU3dfpZcjDXmIOJeR4D6O0=
